hash: 5d6374c08b8c4bd8c44c36a0471ec9580c99b45b578c1d1a02830744eadd74ef
updated: 2016-12-03T19:35:13.24378693-02:00
imports:
- name: github.com/dgrijalva/jwt-go
  version: 9ed569b5d1ac936e6494082958d63a6aa4fff99a
- name: github.com/jinzhu/gorm
  version: 5174cc5c242a728b435ea2be8a2f7f998e15429b
  subpackages:
  - dialects/postgres
- name: github.com/jinzhu/inflection
  version: 74387dc39a75e970e7a3ae6a3386b5bd2e5c5cff
- name: github.com/klauspost/compress
  version: e3b7981a12dd3cab49afa1d3a50e715846f23732
  subpackages:
  - flate
  - gzip
  - zlib
- name: github.com/klauspost/cpuid
  version: 09cded8978dc9e80714c4d85b0322337b0a1e5e0
- name: github.com/klauspost/crc32
  version: cb6bfca970f6908083f26f39a79009d608efd5cd
- name: github.com/labstack/echo
  version: e08070379af60f5b9c0fb5bb2d1527ba9624fe43
  subpackages:
  - context
  - engine
  - engine/fasthttp
  - engine/standard
  - log
  - middleware
- name: github.com/labstack/gommon
  version: 447fe7433567c785af957e549aadae2bf2000071
  subpackages:
  - bytes
  - color
  - log
  - random
- name: github.com/lib/pq
  version: 4a82388ebc5138c8289fe9bc602cb0b3e32cd617
  subpackages:
  - hstore
  - oid
- name: github.com/mattn/go-colorable
  version: d228849504861217f796da67fae4f6e347643f15
- name: github.com/mattn/go-isatty
  version: 30a891c33c7cde7b02a981314b4228ec99380cca
- name: github.com/robfig/cron
  version: b024fc5ea0e34bc3f83d9941c8d60b0622bfaca4
- name: github.com/valyala/bytebufferpool
  version: e746df99fe4a3986f4d4f79e13c1e0117ce9c2f7
- name: github.com/valyala/fasthttp
  version: 1c39678a4dd0122de1b9a7e14e49b3e99b7d60b9
  subpackages:
  - fasthttputil
  - stackless
- name: github.com/valyala/fasttemplate
  version: 3b874956e03f1636d171bda64b130f9135f42cff
- name: golang.org/x/net
  version: 6cdc0daab091c43fc46193327e0047b4f883c613
  subpackages:
  - context
- name: golang.org/x/sys
  version: ca83bd2cb9abb47839b50eb4da612f00158f5870
  subpackages:
  - unix
testImports:
- name: github.com/davecgh/go-spew
  version: 6d212800a42e8ab5c146b8ace3490ee17e5225f9
  subpackages:
  - spew
- name: github.com/pmezard/go-difflib
  version: d8ed2627bdf02c080bf22230dbb337003b7aba2d
  subpackages:
  - difflib
- name: github.com/stretchr/testify
  version: 69483b4bd14f5845b5a1e55bca19e954e827f1d0
  subpackages:
  - assert
